// !$*UTF8*$!
{
	archiveVersion = 1;
	classes = {
	};
	objectVersion = 48;
	objects = {

/* Begin PBXBuildFile section */
		3221AB301FC8A29700EF5DF6 /* reverse.c in Sources */ = {isa = PBXBuildFile; fileRef = 3221AB2F1FC8A29700EF5DF6 /* reverse.c */; };
		322F06651FD94AED0035C2A3 /* celebrity_jeopardy.c in Sources */ = {isa = PBXBuildFile; fileRef = 322F06641FD94AED0035C2A3 /* celebrity_jeopardy.c */; };
		3248A9191FBC7885007F79F1 /* main.cpp in Sources */ = {isa = PBXBuildFile; fileRef = 3248A9181FBC7885007F79F1 /* main.cpp */; };
		329780C31FC85092006AAF98 /* exercise2.c in Sources */ = {isa = PBXBuildFile; fileRef = 329780B61FC85092006AAF98 /* exercise2.c */; };
		329780C41FC85092006AAF98 /* triangular.cpp in Sources */ = {isa = PBXBuildFile; fileRef = 329780B71FC85092006AAF98 /* triangular.cpp */; };
		329780C51FC85092006AAF98 /* goto.c in Sources */ = {isa = PBXBuildFile; fileRef = 329780BA1FC85092006AAF98 /* goto.c */; };
		329780C61FC85092006AAF98 /* fibonacci.c in Sources */ = {isa = PBXBuildFile; fileRef = 329780BD1FC85092006AAF98 /* fibonacci.c */; };
		329780C71FC85092006AAF98 /* reverse.c in Sources */ = {isa = PBXBuildFile; fileRef = 329780BE1FC85092006AAF98 /* reverse.c */; };
		329780C81FC85092006AAF98 /* fibeverse.c in Sources */ = {isa = PBXBuildFile; fileRef = 329780BF1FC85092006AAF98 /* fibeverse.c */; };
		329780CB1FC850D5006AAF98 /* pointer.c in Sources */ = {isa = PBXBuildFile; fileRef = 329780CA1FC850D5006AAF98 /* pointer.c */; };
		32A84F961FD7CCCF00DDA6AB /* resize.c in Sources */ = {isa = PBXBuildFile; fileRef = 32A84F951FD7CCCF00DDA6AB /* resize.c */; };
		32A84F981FD7DF9D00DDA6AB /* sort.c in Sources */ = {isa = PBXBuildFile; fileRef = 32A84F971FD7DF9D00DDA6AB /* sort.c */; };
		32A84F9B1FD81D0900DDA6AB /* texquote.c in Sources */ = {isa = PBXBuildFile; fileRef = 32A84F9A1FD81D0900DDA6AB /* texquote.c */; };
/* End PBXBuildFile section */

/* Begin PBXCopyFilesBuildPhase section */
		3248A9131FBC7885007F79F1 /* CopyFiles */ = {
			isa = PBXCopyFilesBuildPhase;
			buildActionMask = 2147483647;
			dstPath = /usr/share/man/man1/;
			dstSubfolderSpec = 0;
			files = (
			);
			runOnlyForDeploymentPostprocessing = 1;
		};
/* End PBXCopyFilesBuildPhase section */

/* Begin PBXFileReference section */
		3221AB2F1FC8A29700EF5DF6 /* reverse.c */ = {isa = PBXFileReference; lastKnownFileType = sourcecode.c.c; path = reverse.c; sourceTree = "<group>"; };
		322F06641FD94AED0035C2A3 /* celebrity_jeopardy.c */ = {isa = PBXFileReference; lastKnownFileType = sourcecode.c.c; path = celebrity_jeopardy.c; sourceTree = "<group>"; };
		3248A9151FBC7885007F79F1 /* mentorship */ = {isa = PBXFileReference; explicitFileType = "compiled.mach-o.executable"; includeInIndex = 0; path = mentorship; sourceTree = BUILT_PRODUCTS_DIR; };
		3248A9181FBC7885007F79F1 /* main.cpp */ = {isa = PBXFileReference; lastKnownFileType = sourcecode.cpp.cpp; path = main.cpp; sourceTree = "<group>"; };
		329780B61FC85092006AAF98 /* exercise2.c */ = {isa = PBXFileReference; fileEncoding = 4; lastKnownFileType = sourcecode.c.c; path = exercise2.c; sourceTree = "<group>"; };
		329780B71FC85092006AAF98 /* triangular.cpp */ = {isa = PBXFileReference; fileEncoding = 4; lastKnownFileType = sourcecode.cpp.cpp; path = triangular.cpp; sourceTree = "<group>"; };
		329780B81FC85092006AAF98 /* exercise2.h */ = {isa = PBXFileReference; fileEncoding = 4; lastKnownFileType = sourcecode.c.h; path = exercise2.h; sourceTree = "<group>"; };
		329780B91FC85092006AAF98 /* triangular.hpp */ = {isa = PBXFileReference; fileEncoding = 4; lastKnownFileType = sourcecode.cpp.h; path = triangular.hpp; sourceTree = "<group>"; };
		329780BA1FC85092006AAF98 /* goto.c */ = {isa = PBXFileReference; fileEncoding = 4; lastKnownFileType = sourcecode.c.c; path = goto.c; sourceTree = "<group>"; };
		329780BC1FC85092006AAF98 /* reverse.h */ = {isa = PBXFileReference; fileEncoding = 4; lastKnownFileType = sourcecode.c.h; path = reverse.h; sourceTree = "<group>"; };
		329780BD1FC85092006AAF98 /* fibonacci.c */ = {isa = PBXFileReference; fileEncoding = 4; lastKnownFileType = sourcecode.c.c; path = fibonacci.c; sourceTree = "<group>"; };
		329780BE1FC85092006AAF98 /* reverse.c */ = {isa = PBXFileReference; fileEncoding = 4; lastKnownFileType = sourcecode.c.c; path = reverse.c; sourceTree = "<group>"; };
		329780BF1FC85092006AAF98 /* fibeverse.c */ = {isa = PBXFileReference; fileEncoding = 4; lastKnownFileType = sourcecode.c.c; path = fibeverse.c; sourceTree = "<group>"; };
		329780C01FC85092006AAF98 /* fibonacci.h */ = {isa = PBXFileReference; fileEncoding = 4; lastKnownFileType = sourcecode.c.h; path = fibonacci.h; sourceTree = "<group>"; };
		329780CA1FC850D5006AAF98 /* pointer.c */ = {isa = PBXFileReference; lastKnownFileType = sourcecode.c.c; path = pointer.c; sourceTree = "<group>"; };
		32A84F951FD7CCCF00DDA6AB /* resize.c */ = {isa = PBXFileReference; lastKnownFileType = sourcecode.c.c; path = resize.c; sourceTree = "<group>"; };
		32A84F971FD7DF9D00DDA6AB /* sort.c */ = {isa = PBXFileReference; lastKnownFileType = sourcecode.c.c; path = sort.c; sourceTree = "<group>"; };
		32A84F9A1FD81D0900DDA6AB /* texquote.c */ = {isa = PBXFileReference; lastKnownFileType = sourcecode.c.c; path = texquote.c; sourceTree = "<group>"; };
/* End PBXFileReference section */

/* Begin PBXFrameworksBuildPhase section */
		3248A9121FBC7885007F79F1 /* Frameworks */ = {
			isa = PBXFrameworksBuildPhase;
			buildActionMask = 2147483647;
			files = (
			);
			runOnlyForDeploymentPostprocessing = 0;
		};
/* End PBXFrameworksBuildPhase section */

/* Begin PBXGroup section */
		3214F06F1FCC3D1300693357 /* week1 */ = {
			isa = PBXGroup;
			children = (
				32A84F991FD81CD900DDA6AB /* application */,
				329780C11FC85092006AAF98 /* assn3 */,
				329780B51FC85092006AAF98 /* assn2 */,
				329780BB1FC85092006AAF98 /* assn1 */,
			);
			path = week1;
			sourceTree = "<group>";
		};
		3248A90C1FBC7885007F79F1 = {
			isa = PBXGroup;
			children = (
				3248A9171FBC7885007F79F1 /* mentorship */,
				3248A9161FBC7885007F79F1 /* Products */,
			);
			sourceTree = "<group>";
		};
		3248A9161FBC7885007F79F1 /* Products */ = {
			isa = PBXGroup;
			children = (
				3248A9151FBC7885007F79F1 /* mentorship */,
			);
			name = Products;
			sourceTree = "<group>";
		};
		3248A9171FBC7885007F79F1 /* mentorship */ = {
			isa = PBXGroup;
			children = (
				3214F06F1FCC3D1300693357 /* week1 */,
				3248A9181FBC7885007F79F1 /* main.cpp */,
			);
			path = mentorship;
			sourceTree = "<group>";
		};
		329780B51FC85092006AAF98 /* assn2 */ = {
			isa = PBXGroup;
			children = (
				329780B61FC85092006AAF98 /* exercise2.c */,
				329780B71FC85092006AAF98 /* triangular.cpp */,
				329780B81FC85092006AAF98 /* exercise2.h */,
				329780B91FC85092006AAF98 /* triangular.hpp */,
				329780BA1FC85092006AAF98 /* goto.c */,
			);
			path = assn2;
			sourceTree = "<group>";
		};
		329780BB1FC85092006AAF98 /* assn1 */ = {
			isa = PBXGroup;
			children = (
				329780BC1FC85092006AAF98 /* reverse.h */,
				329780BD1FC85092006AAF98 /* fibonacci.c */,
				329780BE1FC85092006AAF98 /* reverse.c */,
				329780BF1FC85092006AAF98 /* fibeverse.c */,
				329780C01FC85092006AAF98 /* fibonacci.h */,
			);
			path = assn1;
			sourceTree = "<group>";
		};
		329780C11FC85092006AAF98 /* assn3 */ = {
			isa = PBXGroup;
			children = (
				329780CA1FC850D5006AAF98 /* pointer.c */,
				3221AB2F1FC8A29700EF5DF6 /* reverse.c */,
				32A84F951FD7CCCF00DDA6AB /* resize.c */,
				32A84F971FD7DF9D00DDA6AB /* sort.c */,
			);
			path = assn3;
			sourceTree = "<group>";
		};
		32A84F991FD81CD900DDA6AB /* application */ = {
			isa = PBXGroup;
			children = (
				32A84F9A1FD81D0900DDA6AB /* texquote.c */,
				322F06641FD94AED0035C2A3 /* celebrity_jeopardy.c */,
			);
			path = application;
			sourceTree = "<group>";
		};
/* End PBXGroup section */

/* Begin PBXNativeTarget section */
		3248A9141FBC7885007F79F1 /* mentorship */ = {
			isa = PBXNativeTarget;
			buildConfigurationList = 3248A91C1FBC7885007F79F1 /* Build configuration list for PBXNativeTarget "mentorship" */;
			buildPhases = (
				3248A9111FBC7885007F79F1 /* Sources */,
				3248A9121FBC7885007F79F1 /* Frameworks */,
				3248A9131FBC7885007F79F1 /* CopyFiles */,
			);
			buildRules = (
			);
			dependencies = (
			);
			name = mentorship;
			productName = mentorship;
			productReference = 3248A9151FBC7885007F79F1 /* mentorship */;
			productType = "com.apple.product-type.tool";
		};
/* End PBXNativeTarget section */

/* Begin PBXProject section */
		3248A90D1FBC7885007F79F1 /* Project object */ = {
			isa = PBXProject;
			attributes = {
				LastUpgradeCheck = 0910;
				ORGANIZATIONNAME = "Bruce Elbert Bigirwenkya";
				TargetAttributes = {
					3248A9141FBC7885007F79F1 = {
						CreatedOnToolsVersion = 9.1;
						ProvisioningStyle = Automatic;
					};
				};
			};
			buildConfigurationList = 3248A9101FBC7885007F79F1 /* Build configuration list for PBXProject "mentorship" */;
			compatibilityVersion = "Xcode 8.0";
			developmentRegion = en;
			hasScannedForEncodings = 0;
			knownRegions = (
				en,
			);
			mainGroup = 3248A90C1FBC7885007F79F1;
			productRefGroup = 3248A9161FBC7885007F79F1 /* Products */;
			projectDirPath = "";
			projectRoot = "";
			targets = (
				3248A9141FBC7885007F79F1 /* mentorship */,
			);
		};
/* End PBXProject section */

/* Begin PBXSourcesBuildPhase section */
		3248A9111FBC7885007F79F1 /* Sources */ = {
			isa = PBXSourcesBuildPhase;
			buildActionMask = 2147483647;
			files = (
				329780C61FC85092006AAF98 /* fibonacci.c in Sources */,
				3221AB301FC8A29700EF5DF6 /* reverse.c in Sources */,
				32A84F9B1FD81D0900DDA6AB /* texquote.c in Sources */,
				329780C51FC85092006AAF98 /* goto.c in Sources */,
				32A84F981FD7DF9D00DDA6AB /* sort.c in Sources */,
				329780C41FC85092006AAF98 /* triangular.cpp in Sources */,
				329780CB1FC850D5006AAF98 /* pointer.c in Sources */,
				32A84F961FD7CCCF00DDA6AB /* resize.c in Sources */,
				322F06651FD94AED0035C2A3 /* celebrity_jeopardy.c in Sources */,
				329780C31FC85092006AAF98 /* exercise2.c in Sources */,
				329780C81FC85092006AAF98 /* fibeverse.c in Sources */,
				329780C71FC85092006AAF98 /* reverse.c in Sources */,
				3248A9191FBC7885007F79F1 /* main.cpp in Sources */,
			);
			runOnlyForDeploymentPostprocessing = 0;
		};
/* End PBXSourcesBuildPhase section */

/* Begin XCBuildConfiguration section */
		3248A91A1FBC7885007F79F1 /* Debug */ = {
			isa = XCBuildConfiguration;
			buildSettings = {
				ALWAYS_SEARCH_USER_PATHS = NO;
				CLANG_ANALYZER_NONNULL = YES;
				CLANG_ANALYZER_NUMBER_OBJECT_CONVERSION = YES_AGGRESSIVE;
				CLANG_CXX_LANGUAGE_STANDARD = "gnu++14";
				CLANG_CXX_LIBRARY = "libc++";
				CLANG_ENABLE_MODULES = YES;
				CLANG_ENABLE_OBJC_ARC = YES;
				CLANG_WARN_BLOCK_CAPTURE_AUTORELEASING = YES;
				CLANG_WARN_BOOL_CONVERSION = YES;
				CLANG_WARN_COMMA = YES;
				CLANG_WARN_CONSTANT_CONVERSION = YES;
				CLANG_WARN_DIRECT_OBJC_ISA_USAGE = YES_ERROR;
				CLANG_WARN_DOCUMENTATION_COMMENTS = YES;
				CLANG_WARN_EMPTY_BODY = YES;
				CLANG_WARN_ENUM_CONVERSION = YES;
				CLANG_WARN_INFINITE_RECURSION = YES;
				CLANG_WARN_INT_CONVERSION = YES;
				CLANG_WARN_NON_LITERAL_NULL_CONVERSION = YES;
				CLANG_WARN_OBJC_LITERAL_CONVERSION = YES;
				CLANG_WARN_OBJC_ROOT_CLASS = YES_ERROR;
				CLANG_WARN_RANGE_LOOP_ANALYSIS = YES;
				CLANG_WARN_STRICT_PROTOTYPES = YES;
				CLANG_WARN_SUSPICIOUS_MOVE = YES;
				CLANG_WARN_UNGUARDED_AVAILABILITY = YES_AGGRESSIVE;
				CLANG_WARN_UNREACHABLE_CODE = YES;
				CLANG_WARN__DUPLICATE_METHOD_MATCH = YES;
				CODE_SIGN_IDENTITY = "-";
				COPY_PHASE_STRIP = NO;
				DEBUG_INFORMATION_FORMAT = dwarf;
				ENABLE_STRICT_OBJC_MSGSEND = YES;
				ENABLE_TESTABILITY = YES;
				GCC_C_LANGUAGE_STANDARD = gnu11;
				GCC_DYNAMIC_NO_PIC = NO;
				GCC_NO_COMMON_BLOCKS = YES;
				GCC_OPTIMIZATION_LEVEL = 0;
				GCC_PREPROCESSOR_DEFINITIONS = (
					"DEBUG=1",
					"$(inherited)",
				);
				GCC_WARN_64_TO_32_BIT_CONVERSION = YES;
				GCC_WARN_ABOUT_RETURN_TYPE = YES_ERROR;
				GCC_WARN_UNDECLARED_SELECTOR = YES;
				GCC_WARN_UNINITIALIZED_AUTOS = YES_AGGRESSIVE;
				GCC_WARN_UNUSED_FUNCTION = YES;
				GCC_WARN_UNUSED_VARIABLE = YES;
				MACOSX_DEPLOYMENT_TARGET = 10.13;
				MTL_ENABLE_DEBUG_INFO = YES;
				ONLY_ACTIVE_ARCH = YES;
				SDKROOT = macosx;
			};
			name = Debug;
		};
		3248A91B1FBC7885007F79F1 /* Release */ = {
			isa = XCBuildConfiguration;
			buildSettings = {
				ALWAYS_SEARCH_USER_PATHS = NO;
				CLANG_ANALYZER_NONNULL = YES;
				CLANG_ANALYZER_NUMBER_OBJECT_CONVERSION = YES_AGGRESSIVE;
				CLANG_CXX_LANGUAGE_STANDARD = "gnu++14";
				CLANG_CXX_LIBRARY = "libc++";
				CLANG_ENABLE_MODULES = YES;
				CLANG_ENABLE_OBJC_ARC = YES;
				CLANG_WARN_BLOCK_CAPTURE_AUTORELEASING = YES;
				CLANG_WARN_BOOL_CONVERSION = YES;
				CLANG_WARN_COMMA = YES;
				CLANG_WARN_CONSTANT_CONVERSION = YES;
				CLANG_WARN_DIRECT_OBJC_ISA_USAGE = YES_ERROR;
				CLANG_WARN_DOCUMENTATION_COMMENTS = YES;
				CLANG_WARN_EMPTY_BODY = YES;
				CLANG_WARN_ENUM_CONVERSION = YES;
				CLANG_WARN_INFINITE_RECURSION = YES;
				CLANG_WARN_INT_CONVERSION = YES;
				CLANG_WARN_NON_LITERAL_NULL_CONVERSION = YES;
				CLANG_WARN_OBJC_LITERAL_CONVERSION = YES;
				CLANG_WARN_OBJC_ROOT_CLASS = YES_ERROR;
				CLANG_WARN_RANGE_LOOP_ANALYSIS = YES;
				CLANG_WARN_STRICT_PROTOTYPES = YES;
				CLANG_WARN_SUSPICIOUS_MOVE = YES;
				CLANG_WARN_UNGUARDED_AVAILABILITY = YES_AGGRESSIVE;
				CLANG_WARN_UNREACHABLE_CODE = YES;
				CLANG_WARN__DUPLICATE_METHOD_MATCH = YES;
				CODE_SIGN_IDENTITY = "-";
				COPY_PHASE_STRIP = NO;
				DEBUG_INFORMATION_FORMAT = "dwarf-with-dsym";
				ENABLE_NS_ASSERTIONS = NO;
				ENABLE_STRICT_OBJC_MSGSEND = YES;
				GCC_C_LANGUAGE_STANDARD = gnu11;
				GCC_NO_COMMON_BLOCKS = YES;
				GCC_WARN_64_TO_32_BIT_CONVERSION = YES;
				GCC_WARN_ABOUT_RETURN_TYPE = YES_ERROR;
				GCC_WARN_UNDECLARED_SELECTOR = YES;
				GCC_WARN_UNINITIALIZED_AUTOS = YES_AGGRESSIVE;
				GCC_WARN_UNUSED_FUNCTION = YES;
				GCC_WARN_UNUSED_VARIABLE = YES;
				MACOSX_DEPLOYMENT_TARGET = 10.13;
				MTL_ENABLE_DEBUG_INFO = NO;
				SDKROOT = macosx;
			};
			name = Release;
		};
		3248A91D1FBC7885007F79F1 /* Debug */ = {
			isa = XCBuildConfiguration;
			buildSettings = {
				CODE_SIGN_STYLE = Automatic;
				PRODUCT_NAME = "$(TARGET_NAME)";
			};
			name = Debug;
		};
		3248A91E1FBC7885007F79F1 /* Release */ = {
			isa = XCBuildConfiguration;
			buildSettings = {
				CODE_SIGN_STYLE = Automatic;
				PRODUCT_NAME = "$(TARGET_NAME)";
			};
			name = Release;
		};
/* End XCBuildConfiguration section */

/* Begin XCConfigurationList section */
		3248A9101FBC7885007F79F1 /* Build configuration list for PBXProject "mentorship" */ = {
			isa = XCConfigurationList;
			buildConfigurations = (
				3248A91A1FBC7885007F79F1 /* Debug */,
				3248A91B1FBC7885007F79F1 /* Release */,
			);
			defaultConfigurationIsVisible = 0;
			defaultConfigurationName = Release;
		};
		3248A91C1FBC7885007F79F1 /* Build configuration list for PBXNativeTarget "mentorship" */ = {
			isa = XCConfigurationList;
			buildConfigurations = (
				3248A91D1FBC7885007F79F1 /* Debug */,
				3248A91E1FBC7885007F79F1 /* Release */,
			);
			defaultConfigurationIsVisible = 0;
			defaultConfigurationName = Release;
		};
/* End XCConfigurationList section */
	};
	rootObject = 3248A90D1FBC7885007F79F1 /* Project object */;
}
